
Microsoft Visual Studio Solution File, Format Version 12.00
# Visual Studio 2013
VisualStudioVersion = 12.0.21005.1
MinimumVisualStudioVersion = 10.0.40219.1
Project("{FAE04EC0-301F-11D3-BF4B-00C04F79EFBC}") = "TribonacciTriangle", "TribonacciTriangle\TribonacciTriangle.csproj", "{50A9CEF3-54EE-4B2C-B0BA-B3D875B1DD4E}"
EndProject
Project("{FAE04EC0-301F-11D3-BF4B-00C04F79EFBC}") = "NextDate", "NextDate\NextDate.csproj", "{AEA0A6D2-C0A5-406E-81A0-A5B1DFCCB14F}"
EndProject
Project("{FAE04EC0-301F-11D3-BF4B-00C04F79EFBC}") = "QuadroncciNumbers", "QuadroncciNumbers\QuadroncciNumbers.csproj", "{A5D2EB78-1279-4953-98A2-676569339BC7}"
EndProject
Project("{FAE04EC0-301F-11D3-BF4B-00C04F79EFBC}") = "TrippleRotation", "TrippleRotation\TrippleRotation.csproj", "{9619C8AA-037C-4DF5-B4C6-35F87BA9F2B6}"
EndProject
Project("{FAE04EC0-301F-11D3-BF4B-00C04F79EFBC}") = "UpDown Game", "UpDown Game\UpDown Game.csproj", "{3E672E0D-0ECC-4481-A9B9-6D40B120C5F9}"
EndProject
Project("{FAE04EC0-301F-11D3-BF4B-00C04F79EFBC}") = "CartesianCoordinateSystem", "CartesianCoordinateSystem\CartesianCoordinateSystem.csproj", "{B4A64869-00C4-4C82-B594-E2532CD30942}"
EndProject
Project("{FAE04EC0-301F-11D3-BF4B-00C04F79EFBC}") = "MissCat", "MissCat\MissCat.csproj", "{92FE667C-21FC-42EB-8388-50E5A839ABBF}"
EndProject
Project("{FAE04EC0-301F-11D3-BF4B-00C04F79EFBC}") = "ForestRoad", "ForestRoad\ForestRoad.csproj", "{F8584DDB-5381-4448-A4D6-A578F7B9D587}"
EndProject
Project("{FAE04EC0-301F-11D3-BF4B-00C04F79EFBC}") = "BinaryDigitsCount", "BinaryDigitsCount\BinaryDigitsCount.csproj", "{68659680-8B0C-42B6-8D55-4B6BF0B90DA5}"
EndProject
Project("{FAE04EC0-301F-11D3-BF4B-00C04F79EFBC}") = "2-4-8", "2-4-8\2-4-8.csproj", "{0ECF2B6E-B1B9-4FFE-BE51-35A0907EB49B}"
EndProject
Project("{FAE04EC0-301F-11D3-BF4B-00C04F79EFBC}") = "NightMareOfCodeStreet", "NightMareOfCodeStreet\NightMareOfCodeStreet.csproj", "{CD57008A-765F-4AEC-9067-EB327526B88C}"
EndProject
Project("{FAE04EC0-301F-11D3-BF4B-00C04F79EFBC}") = "SherlockandPlanes", "SherlockandPlanes\SherlockandPlanes.csproj", "{8A537D0F-D05E-4F0A-8415-D95E3A9AD644}"
EndProject
Project("{FAE04EC0-301F-11D3-BF4B-00C04F79EFBC}") = "ItroToSearchinTutorials", "ItroToSearchinTutorials\ItroToSearchinTutorials.csproj", "{4A35BC5D-1F46-4003-8E75-E1B26D9F3A0E}"
EndProject
Project("{FAE04EC0-301F-11D3-BF4B-00C04F79EFBC}") = "InsertionSort", "InsertionSort\InsertionSort.csproj", "{496C2676-3A80-4D4A-A241-D94FF58B31D9}"
EndProject
Project("{FAE04EC0-301F-11D3-BF4B-00C04F79EFBC}") = "Enigmanation", "Enigmanation\Enigmanation.csproj", "{10D0F987-0A58-4191-9D32-845B3861FDFE}"
EndProject
Project("{FAE04EC0-301F-11D3-BF4B-00C04F79EFBC}") = "CaspichaniaBoats", "CaspichaniaBoats\CaspichaniaBoats.csproj", "{F13A18B3-3386-498E-B520-34B4EDAA2BBC}"
EndProject
Project("{FAE04EC0-301F-11D3-BF4B-00C04F79EFBC}") = "Sheets", "Sheets\Sheets.csproj", "{8EB666A1-AEF8-4023-938F-163176A134C7}"
EndProject
Project("{FAE04EC0-301F-11D3-BF4B-00C04F79EFBC}") = "Carpets", "Carpets\Carpets.csproj", "{3C9DD08E-B555-4056-9F2B-EE0170F3CBE7}"
EndProject
Project("{FAE04EC0-301F-11D3-BF4B-00C04F79EFBC}") = "MathExpression", "MathExpression\MathExpression.csproj", "{5E1D09F1-D710-42E6-9894-14846EA5B33C}"
EndProject
Project("{FAE04EC0-301F-11D3-BF4B-00C04F79EFBC}") = "LeastMjorityMultiple", "LeastMjorityMultiple\LeastMjorityMultiple.csproj", "{64BC0832-752E-44FD-BAF1-659E2104A526}"
EndProject
Project("{FAE04EC0-301F-11D3-BF4B-00C04F79EFBC}") = "Trapezoid", "Trapezoid\Trapezoid.csproj", "{EBDDD8EC-B331-4803-B86F-1B02AC2CED9F}"
EndProject
Project("{FAE04EC0-301F-11D3-BF4B-00C04F79EFBC}") = "OddNumber", "OddNumber\OddNumber.csproj", "{3A903161-CE36-41A9-8A00-F99B4B693F31}"
EndProject
Project("{FAE04EC0-301F-11D3-BF4B-00C04F79EFBC}") = "FighterAttack", "FighterAttack\FighterAttack.csproj", "{2B1D79C8-2BC0-4606-B2E9-87A7A9712521}"
EndProject
Project("{FAE04EC0-301F-11D3-BF4B-00C04F79EFBC}") = "Sandglass", "Sandglass\Sandglass.csproj", "{BE0AC4A3-B7F6-401F-A31A-A98571CD2AFE}"
EndProject
Project("{FAE04EC0-301F-11D3-BF4B-00C04F79EFBC}") = "DaincingBits", "DaincingBits\DaincingBits.csproj", "{A66E8E69-B39E-46BD-B765-1FD360FE4B44}"
EndProject
Project("{FAE04EC0-301F-11D3-BF4B-00C04F79EFBC}") = "UKFlag", "UKFlag\UKFlag.csproj", "{5F79E09A-F1FD-47D1-9BF1-21A20E2D84EE}"
EndProject
Project("{FAE04EC0-301F-11D3-BF4B-00C04F79EFBC}") = "3-6-9", "3-6-9\3-6-9.csproj", "{35F63B07-D2CE-43FC-8663-06F78D4B7F13}"
EndProject
Project("{FAE04EC0-301F-11D3-BF4B-00C04F79EFBC}") = "TheHorror", "TheHorror\TheHorror.csproj", "{F9E5C969-E198-495A-B3C7-4D8801532FB0}"
EndProject
Project("{FAE04EC0-301F-11D3-BF4B-00C04F79EFBC}") = "Eggcelent", "Eggcelent\Eggcelent.csproj", "{7ABF2CD1-3AE0-4823-855A-324FE5381E93}"
EndProject
Project("{FAE04EC0-301F-11D3-BF4B-00C04F79EFBC}") = "PieceOfCake", "PieceOfCake\PieceOfCake.csproj", "{1FB77081-C79D-4631-98A9-B266C91FF619}"
EndProject
Project("{FAE04EC0-301F-11D3-BF4B-00C04F79EFBC}") = "AngryFemaleGPS", "AngryFemaleGPS\AngryFemaleGPS.csproj", "{74402D5C-F4C8-40E4-B3BE-1829F3171566}"
EndProject
Project("{FAE04EC0-301F-11D3-BF4B-00C04F79EFBC}") = "NumbertoDigitsinMatrix", "NumbertoDigitsinMatrix\NumbertoDigitsinMatrix.csproj", "{773E9B69-D179-4C34-A744-58DF094485BB}"
EndProject
Project("{FAE04EC0-301F-11D3-BF4B-00C04F79EFBC}") = "CardWars", "CardWars\CardWars.csproj", "{B7EA8753-22B5-405C-8EDE-91639FCA4DB2}"
EndProject
Project("{FAE04EC0-301F-11D3-BF4B-00C04F79EFBC}") = "BigBall", "BigBall\BigBall.csproj", "{F428C325-E6EC-474C-9C52-4F09135BF721}"
EndProject
Project("{FAE04EC0-301F-11D3-BF4B-00C04F79EFBC}") = "Neurons", "Neurons\Neurons.csproj", "{4F70B62A-06EE-40E3-A6A2-9DE4218B67E1}"
EndProject
Project("{FAE04EC0-301F-11D3-BF4B-00C04F79EFBC}") = "CoffeeMachine", "CoffeeMachine\CoffeeMachine.csproj", "{B5494CAD-836C-45B8-BF0A-A54761177E0C}"
EndProject
Project("{FAE04EC0-301F-11D3-BF4B-00C04F79EFBC}") = "DrunkenNumbers", "DrunkenNumbers\DrunkenNumbers.csproj", "{7425DD84-B60F-4D59-A241-D0B1D747DAC4}"
EndProject
Project("{FAE04EC0-301F-11D3-BF4B-00C04F79EFBC}") = "Fire", "Fire\Fire.csproj", "{736D75C2-A09F-4F67-B882-7F7D3C2DCED9}"
EndProject
Project("{FAE04EC0-301F-11D3-BF4B-00C04F79EFBC}") = "DiamondTroll", "DiamondTroll\DiamondTroll.csproj", "{E3F444AE-C5EF-4523-B22A-EF5EC5822662}"
EndProject
Project("{FAE04EC0-301F-11D3-BF4B-00C04F79EFBC}") = "OnesAndZeroes", "OnesAndZeroes\OnesAndZeroes.csproj", "{C8500FA3-D16D-48F9-AB6A-25B223262C35}"
EndProject
Project("{FAE04EC0-301F-11D3-BF4B-00C04F79EFBC}") = "NaBabaMiSmetalnika", "NaBabaMiSmetalnika\NaBabaMiSmetalnika.csproj", "{1B2CE46A-138D-48D8-AF55-21BA93B2BC4F}"
EndProject
Project("{FAE04EC0-301F-11D3-BF4B-00C04F79EFBC}") = "TelerikLogo", "TelerikLogo\TelerikLogo.csproj", "{39658714-0266-42DB-B3C6-A78B556A07E7}"
EndProject
Project("{FAE04EC0-301F-11D3-BF4B-00C04F79EFBC}") = "ExcelColumns", "ExcelColumns\ExcelColumns.csproj", "{12FED116-39BA-44DA-B66A-B7DA33D64E03}"
EndProject
Project("{FAE04EC0-301F-11D3-BF4B-00C04F79EFBC}") = "SevenlandNumbers", "SevenlandNumbers\SevenlandNumbers.csproj", "{AB99505E-953F-4D9F-9F13-D156A80C2C10}"
EndProject
Project("{FAE04EC0-301F-11D3-BF4B-00C04F79EFBC}") = "Poker", "Poker\Poker.csproj", "{3A595457-25C7-45DB-B597-2139E7D05FF6}"
EndProject
Project("{FAE04EC0-301F-11D3-BF4B-00C04F79EFBC}") = "AngryBit", "AngryBit\AngryBit.csproj", "{EB745E71-5396-4B91-8928-B9172231933F}"
EndProject
Project("{FAE04EC0-301F-11D3-BF4B-00C04F79EFBC}") = "FirTree", "FirTree\FirTree.csproj", "{9D0C3406-11C2-48E4-B38D-B6D4108E7EAF}"
EndProject
Project("{FAE04EC0-301F-11D3-BF4B-00C04F79EFBC}") = "Tribonacci", "Tribonacci\Tribonacci.csproj", "{3A666F4C-14DA-4E5D-BA81-820AF51596B4}"
EndProject
Project("{FAE04EC0-301F-11D3-BF4B-00C04F79EFBC}") = "ShipDamage", "ShipDamage\ShipDamage.csproj", "{1D75C086-2F29-419E-9ECD-F1019E378680}"
EndProject
Project("{FAE04EC0-301F-11D3-BF4B-00C04F79EFBC}") = "A-nacci", "A-nacci\A-nacci.csproj", "{03FA0E80-0A59-4D4C-9709-18FE14793643}"
EndProject
Project("{FAE04EC0-301F-11D3-BF4B-00C04F79EFBC}") = "Bat-Goiko Tower", "Bat-Goiko Tower\Bat-Goiko Tower.csproj", "{4CF5EC2D-78B3-43C1-80FE-46FB5DCAC75C}"
EndProject
Project("{FAE04EC0-301F-11D3-BF4B-00C04F79EFBC}") = "Garden", "Garden\Garden.csproj", "{3080737B-025E-41F4-B729-60CBF8095D02}"
EndProject
Project("{FAE04EC0-301F-11D3-BF4B-00C04F79EFBC}") = "Secrets", "Secrets\Secrets.csproj", "{D642DF20-8A9E-4640-9960-7B2E904868F4}"
EndProject
Project("{FAE04EC0-301F-11D3-BF4B-00C04F79EFBC}") = "Bittris", "Bittris\Bittris.csproj", "{7F5E3F7E-35A0-4BEB-B4F5-805F5A74DD4B}"
EndProject
Project("{FAE04EC0-301F-11D3-BF4B-00C04F79EFBC}") = "Pillars", "Pillars\Pillars.csproj", "{868EB467-2608-4DD8-AAEB-6E6D8FF58881}"
EndProject
Project("{FAE04EC0-301F-11D3-BF4B-00C04F79EFBC}") = "SpiralMatrix", "SpiralMatrix\SpiralMatrix.csproj", "{36CA56BF-14BA-4F49-B578-76397BB525E7}"
EndProject
Project("{FAE04EC0-301F-11D3-BF4B-00C04F79EFBC}") = "SusetSums", "SusetSums\SusetSums.csproj", "{BDE9888F-46A1-4680-8162-BD2C21B692B3}"
EndProject
Project("{FAE04EC0-301F-11D3-BF4B-00C04F79EFBC}") = "AstrologcalDigits", "AstrologcalDigits\AstrologcalDigits.csproj", "{24F05FCF-5F57-4A28-A7D5-700B5B71027C}"
EndProject
Project("{FAE04EC0-301F-11D3-BF4B-00C04F79EFBC}") = "FallDown", "FallDown\FallDown.csproj", "{AC34E5EC-670B-4641-B1F6-8040CDB72B12}"
EndProject
Project("{FAE04EC0-301F-11D3-BF4B-00C04F79EFBC}") = "FormulaBit", "FormulaBit\FormulaBit.csproj", "{F4EEDA23-AC98-4C0E-A579-E393B63ABB09}"
EndProject
Project("{FAE04EC0-301F-11D3-BF4B-00C04F79EFBC}") = "Lines", "Lines\Lines.csproj", "{4D896830-4430-4C19-8B98-FDA470293313}"
EndProject
Project("{FAE04EC0-301F-11D3-BF4B-00C04F79EFBC}") = "NeuronMapping", "NeuronMapping\NeuronMapping.csproj", "{CEE5EAB1-055E-405C-96B3-6B30D543D37E}"
EndProject
Project("{FAE04EC0-301F-11D3-BF4B-00C04F79EFBC}") = "GameOfPage", "GameOfPage\GameOfPage.csproj", "{409D5293-A0C8-4DBE-A690-7B8EB292C433}"
EndProject
Project("{FAE04EC0-301F-11D3-BF4B-00C04F79EFBC}") = "NewronMapping2", "NewronMapping2\NewronMapping2.csproj", "{C0671F83-45C3-443D-BAE5-A964A1E325F1}"
EndProject
Project("{FAE04EC0-301F-11D3-BF4B-00C04F79EFBC}") = "WarHead", "WarHead\WarHead.csproj", "{00EEA40D-860C-4066-8587-711EE6A63EBA}"
EndProject
Global
	GlobalSection(SolutionConfigurationPlatforms) = preSolution
		Debug|Any CPU = Debug|Any CPU
		Release|Any CPU = Release|Any CPU
	EndGlobalSection
	GlobalSection(ProjectConfigurationPlatforms) = postSolution
		{50A9CEF3-54EE-4B2C-B0BA-B3D875B1DD4E}.Debug|Any CPU.ActiveCfg = Debug|Any CPU
		{50A9CEF3-54EE-4B2C-B0BA-B3D875B1DD4E}.Debug|Any CPU.Build.0 = Debug|Any CPU
		{50A9CEF3-54EE-4B2C-B0BA-B3D875B1DD4E}.Release|Any CPU.ActiveCfg = Release|Any CPU
		{50A9CEF3-54EE-4B2C-B0BA-B3D875B1DD4E}.Release|Any CPU.Build.0 = Release|Any CPU
		{AEA0A6D2-C0A5-406E-81A0-A5B1DFCCB14F}.Debug|Any CPU.ActiveCfg = Debug|Any CPU
		{AEA0A6D2-C0A5-406E-81A0-A5B1DFCCB14F}.Debug|Any CPU.Build.0 = Debug|Any CPU
		{AEA0A6D2-C0A5-406E-81A0-A5B1DFCCB14F}.Release|Any CPU.ActiveCfg = Release|Any CPU
		{AEA0A6D2-C0A5-406E-81A0-A5B1DFCCB14F}.Release|Any CPU.Build.0 = Release|Any CPU
		{A5D2EB78-1279-4953-98A2-676569339BC7}.Debug|Any CPU.ActiveCfg = Debug|Any CPU
		{A5D2EB78-1279-4953-98A2-676569339BC7}.Debug|Any CPU.Build.0 = Debug|Any CPU
		{A5D2EB78-1279-4953-98A2-676569339BC7}.Release|Any CPU.ActiveCfg = Release|Any CPU
		{A5D2EB78-1279-4953-98A2-676569339BC7}.Release|Any CPU.Build.0 = Release|Any CPU
		{9619C8AA-037C-4DF5-B4C6-35F87BA9F2B6}.Debug|Any CPU.ActiveCfg = Debug|Any CPU
		{9619C8AA-037C-4DF5-B4C6-35F87BA9F2B6}.Debug|Any CPU.Build.0 = Debug|Any CPU
		{9619C8AA-037C-4DF5-B4C6-35F87BA9F2B6}.Release|Any CPU.ActiveCfg = Release|Any CPU
		{9619C8AA-037C-4DF5-B4C6-35F87BA9F2B6}.Release|Any CPU.Build.0 = Release|Any CPU
		{3E672E0D-0ECC-4481-A9B9-6D40B120C5F9}.Debug|Any CPU.ActiveCfg = Debug|Any CPU
		{3E672E0D-0ECC-4481-A9B9-6D40B120C5F9}.Debug|Any CPU.Build.0 = Debug|Any CPU
		{3E672E0D-0ECC-4481-A9B9-6D40B120C5F9}.Release|Any CPU.ActiveCfg = Release|Any CPU
		{3E672E0D-0ECC-4481-A9B9-6D40B120C5F9}.Release|Any CPU.Build.0 = Release|Any CPU
		{B4A64869-00C4-4C82-B594-E2532CD30942}.Debug|Any CPU.ActiveCfg = Debug|Any CPU
		{B4A64869-00C4-4C82-B594-E2532CD30942}.Debug|Any CPU.Build.0 = Debug|Any CPU
		{B4A64869-00C4-4C82-B594-E2532CD30942}.Release|Any CPU.ActiveCfg = Release|Any CPU
		{B4A64869-00C4-4C82-B594-E2532CD30942}.Release|Any CPU.Build.0 = Release|Any CPU
		{92FE667C-21FC-42EB-8388-50E5A839ABBF}.Debug|Any CPU.ActiveCfg = Debug|Any CPU
		{92FE667C-21FC-42EB-8388-50E5A839ABBF}.Debug|Any CPU.Build.0 = Debug|Any CPU
		{92FE667C-21FC-42EB-8388-50E5A839ABBF}.Release|Any CPU.ActiveCfg = Release|Any CPU
		{92FE667C-21FC-42EB-8388-50E5A839ABBF}.Release|Any CPU.Build.0 = Release|Any CPU
		{F8584DDB-5381-4448-A4D6-A578F7B9D587}.Debug|Any CPU.ActiveCfg = Debug|Any CPU
		{F8584DDB-5381-4448-A4D6-A578F7B9D587}.Debug|Any CPU.Build.0 = Debug|Any CPU
		{F8584DDB-5381-4448-A4D6-A578F7B9D587}.Release|Any CPU.ActiveCfg = Release|Any CPU
		{F8584DDB-5381-4448-A4D6-A578F7B9D587}.Release|Any CPU.Build.0 = Release|Any CPU
		{68659680-8B0C-42B6-8D55-4B6BF0B90DA5}.Debug|Any CPU.ActiveCfg = Debug|Any CPU
		{68659680-8B0C-42B6-8D55-4B6BF0B90DA5}.Debug|Any CPU.Build.0 = Debug|Any CPU
		{68659680-8B0C-42B6-8D55-4B6BF0B90DA5}.Release|Any CPU.ActiveCfg = Release|Any CPU
		{68659680-8B0C-42B6-8D55-4B6BF0B90DA5}.Release|Any CPU.Build.0 = Release|Any CPU
		{0ECF2B6E-B1B9-4FFE-BE51-35A0907EB49B}.Debug|Any CPU.ActiveCfg = Debug|Any CPU
		{0ECF2B6E-B1B9-4FFE-BE51-35A0907EB49B}.Debug|Any CPU.Build.0 = Debug|Any CPU
		{0ECF2B6E-B1B9-4FFE-BE51-35A0907EB49B}.Release|Any CPU.ActiveCfg = Release|Any CPU
		{0ECF2B6E-B1B9-4FFE-BE51-35A0907EB49B}.Release|Any CPU.Build.0 = Release|Any CPU
		{CD57008A-765F-4AEC-9067-EB327526B88C}.Debug|Any CPU.ActiveCfg = Debug|Any CPU
		{CD57008A-765F-4AEC-9067-EB327526B88C}.Debug|Any CPU.Build.0 = Debug|Any CPU
		{CD57008A-765F-4AEC-9067-EB327526B88C}.Release|Any CPU.ActiveCfg = Release|Any CPU
		{CD57008A-765F-4AEC-9067-EB327526B88C}.Release|Any CPU.Build.0 = Release|Any CPU
		{8A537D0F-D05E-4F0A-8415-D95E3A9AD644}.Debug|Any CPU.ActiveCfg = Debug|Any CPU
		{8A537D0F-D05E-4F0A-8415-D95E3A9AD644}.Debug|Any CPU.Build.0 = Debug|Any CPU
		{8A537D0F-D05E-4F0A-8415-D95E3A9AD644}.Release|Any CPU.ActiveCfg = Release|Any CPU
		{8A537D0F-D05E-4F0A-8415-D95E3A9AD644}.Release|Any CPU.Build.0 = Release|Any CPU
		{4A35BC5D-1F46-4003-8E75-E1B26D9F3A0E}.Debug|Any CPU.ActiveCfg = Debug|Any CPU
		{4A35BC5D-1F46-4003-8E75-E1B26D9F3A0E}.Debug|Any CPU.Build.0 = Debug|Any CPU
		{4A35BC5D-1F46-4003-8E75-E1B26D9F3A0E}.Release|Any CPU.ActiveCfg = Release|Any CPU
		{4A35BC5D-1F46-4003-8E75-E1B26D9F3A0E}.Release|Any CPU.Build.0 = Release|Any CPU
		{496C2676-3A80-4D4A-A241-D94FF58B31D9}.Debug|Any CPU.ActiveCfg = Debug|Any CPU
		{496C2676-3A80-4D4A-A241-D94FF58B31D9}.Debug|Any CPU.Build.0 = Debug|Any CPU
		{496C2676-3A80-4D4A-A241-D94FF58B31D9}.Release|Any CPU.ActiveCfg = Release|Any CPU
		{496C2676-3A80-4D4A-A241-D94FF58B31D9}.Release|Any CPU.Build.0 = Release|Any CPU
		{10D0F987-0A58-4191-9D32-845B3861FDFE}.Debug|Any CPU.ActiveCfg = Debug|Any CPU
		{10D0F987-0A58-4191-9D32-845B3861FDFE}.Debug|Any CPU.Build.0 = Debug|Any CPU
		{10D0F987-0A58-4191-9D32-845B3861FDFE}.Release|Any CPU.ActiveCfg = Release|Any CPU
		{10D0F987-0A58-4191-9D32-845B3861FDFE}.Release|Any CPU.Build.0 = Release|Any CPU
		{F13A18B3-3386-498E-B520-34B4EDAA2BBC}.Debug|Any CPU.ActiveCfg = Debug|Any CPU
		{F13A18B3-3386-498E-B520-34B4EDAA2BBC}.Debug|Any CPU.Build.0 = Debug|Any CPU
		{F13A18B3-3386-498E-B520-34B4EDAA2BBC}.Release|Any CPU.ActiveCfg = Release|Any CPU
		{F13A18B3-3386-498E-B520-34B4EDAA2BBC}.Release|Any CPU.Build.0 = Release|Any CPU
		{8EB666A1-AEF8-4023-938F-163176A134C7}.Debug|Any CPU.ActiveCfg = Debug|Any CPU
		{8EB666A1-AEF8-4023-938F-163176A134C7}.Debug|Any CPU.Build.0 = Debug|Any CPU
		{8EB666A1-AEF8-4023-938F-163176A134C7}.Release|Any CPU.ActiveCfg = Release|Any CPU
		{8EB666A1-AEF8-4023-938F-163176A134C7}.Release|Any CPU.Build.0 = Release|Any CPU
		{3C9DD08E-B555-4056-9F2B-EE0170F3CBE7}.Debug|Any CPU.ActiveCfg = Debug|Any CPU
		{3C9DD08E-B555-4056-9F2B-EE0170F3CBE7}.Debug|Any CPU.Build.0 = Debug|Any CPU
		{3C9DD08E-B555-4056-9F2B-EE0170F3CBE7}.Release|Any CPU.ActiveCfg = Release|Any CPU
		{3C9DD08E-B555-4056-9F2B-EE0170F3CBE7}.Release|Any CPU.Build.0 = Release|Any CPU
		{5E1D09F1-D710-42E6-9894-14846EA5B33C}.Debug|Any CPU.ActiveCfg = Debug|Any CPU
		{5E1D09F1-D710-42E6-9894-14846EA5B33C}.Debug|Any CPU.Build.0 = Debug|Any CPU
		{5E1D09F1-D710-42E6-9894-14846EA5B33C}.Release|Any CPU.ActiveCfg = Release|Any CPU
		{5E1D09F1-D710-42E6-9894-14846EA5B33C}.Release|Any CPU.Build.0 = Release|Any CPU
		{64BC0832-752E-44FD-BAF1-659E2104A526}.Debug|Any CPU.ActiveCfg = Debug|Any CPU
		{64BC0832-752E-44FD-BAF1-659E2104A526}.Debug|Any CPU.Build.0 = Debug|Any CPU
		{64BC0832-752E-44FD-BAF1-659E2104A526}.Release|Any CPU.ActiveCfg = Release|Any CPU
		{64BC0832-752E-44FD-BAF1-659E2104A526}.Release|Any CPU.Build.0 = Release|Any CPU
		{EBDDD8EC-B331-4803-B86F-1B02AC2CED9F}.Debug|Any CPU.ActiveCfg = Debug|Any CPU
		{EBDDD8EC-B331-4803-B86F-1B02AC2CED9F}.Debug|Any CPU.Build.0 = Debug|Any CPU
		{EBDDD8EC-B331-4803-B86F-1B02AC2CED9F}.Release|Any CPU.ActiveCfg = Release|Any CPU
		{EBDDD8EC-B331-4803-B86F-1B02AC2CED9F}.Release|Any CPU.Build.0 = Release|Any CPU
		{3A903161-CE36-41A9-8A00-F99B4B693F31}.Debug|Any CPU.ActiveCfg = Debug|Any CPU
		{3A903161-CE36-41A9-8A00-F99B4B693F31}.Debug|Any CPU.Build.0 = Debug|Any CPU
		{3A903161-CE36-41A9-8A00-F99B4B693F31}.Release|Any CPU.ActiveCfg = Release|Any CPU
		{3A903161-CE36-41A9-8A00-F99B4B693F31}.Release|Any CPU.Build.0 = Release|Any CPU
		{2B1D79C8-2BC0-4606-B2E9-87A7A9712521}.Debug|Any CPU.ActiveCfg = Debug|Any CPU
		{2B1D79C8-2BC0-4606-B2E9-87A7A9712521}.Debug|Any CPU.Build.0 = Debug|Any CPU
		{2B1D79C8-2BC0-4606-B2E9-87A7A9712521}.Release|Any CPU.ActiveCfg = Release|Any CPU
		{2B1D79C8-2BC0-4606-B2E9-87A7A9712521}.Release|Any CPU.Build.0 = Release|Any CPU
		{BE0AC4A3-B7F6-401F-A31A-A98571CD2AFE}.Debug|Any CPU.ActiveCfg = Debug|Any CPU
		{BE0AC4A3-B7F6-401F-A31A-A98571CD2AFE}.Debug|Any CPU.Build.0 = Debug|Any CPU
		{BE0AC4A3-B7F6-401F-A31A-A98571CD2AFE}.Release|Any CPU.ActiveCfg = Release|Any CPU
		{BE0AC4A3-B7F6-401F-A31A-A98571CD2AFE}.Release|Any CPU.Build.0 = Release|Any CPU
		{A66E8E69-B39E-46BD-B765-1FD360FE4B44}.Debug|Any CPU.ActiveCfg = Debug|Any CPU
		{A66E8E69-B39E-46BD-B765-1FD360FE4B44}.Debug|Any CPU.Build.0 = Debug|Any CPU
		{A66E8E69-B39E-46BD-B765-1FD360FE4B44}.Release|Any CPU.ActiveCfg = Release|Any CPU
		{A66E8E69-B39E-46BD-B765-1FD360FE4B44}.Release|Any CPU.Build.0 = Release|Any CPU
		{5F79E09A-F1FD-47D1-9BF1-21A20E2D84EE}.Debug|Any CPU.ActiveCfg = Debug|Any CPU
		{5F79E09A-F1FD-47D1-9BF1-21A20E2D84EE}.Debug|Any CPU.Build.0 = Debug|Any CPU
		{5F79E09A-F1FD-47D1-9BF1-21A20E2D84EE}.Release|Any CPU.ActiveCfg = Release|Any CPU
		{5F79E09A-F1FD-47D1-9BF1-21A20E2D84EE}.Release|Any CPU.Build.0 = Release|Any CPU
		{35F63B07-D2CE-43FC-8663-06F78D4B7F13}.Debug|Any CPU.ActiveCfg = Debug|Any CPU
		{35F63B07-D2CE-43FC-8663-06F78D4B7F13}.Debug|Any CPU.Build.0 = Debug|Any CPU
		{35F63B07-D2CE-43FC-8663-06F78D4B7F13}.Release|Any CPU.ActiveCfg = Release|Any CPU
		{35F63B07-D2CE-43FC-8663-06F78D4B7F13}.Release|Any CPU.Build.0 = Release|Any CPU
		{F9E5C969-E198-495A-B3C7-4D8801532FB0}.Debug|Any CPU.ActiveCfg = Debug|Any CPU
		{F9E5C969-E198-495A-B3C7-4D8801532FB0}.Debug|Any CPU.Build.0 = Debug|Any CPU
		{F9E5C969-E198-495A-B3C7-4D8801532FB0}.Release|Any CPU.ActiveCfg = Release|Any CPU
		{F9E5C969-E198-495A-B3C7-4D8801532FB0}.Release|Any CPU.Build.0 = Release|Any CPU
		{7ABF2CD1-3AE0-4823-855A-324FE5381E93}.Debug|Any CPU.ActiveCfg = Debug|Any CPU
		{7ABF2CD1-3AE0-4823-855A-324FE5381E93}.Debug|Any CPU.Build.0 = Debug|Any CPU
		{7ABF2CD1-3AE0-4823-855A-324FE5381E93}.Release|Any CPU.ActiveCfg = Release|Any CPU
		{7ABF2CD1-3AE0-4823-855A-324FE5381E93}.Release|Any CPU.Build.0 = Release|Any CPU
		{1FB77081-C79D-4631-98A9-B266C91FF619}.Debug|Any CPU.ActiveCfg = Debug|Any CPU
		{1FB77081-C79D-4631-98A9-B266C91FF619}.Debug|Any CPU.Build.0 = Debug|Any CPU
		{1FB77081-C79D-4631-98A9-B266C91FF619}.Release|Any CPU.ActiveCfg = Release|Any CPU
		{1FB77081-C79D-4631-98A9-B266C91FF619}.Release|Any CPU.Build.0 = Release|Any CPU
		{74402D5C-F4C8-40E4-B3BE-1829F3171566}.Debug|Any CPU.ActiveCfg = Debug|Any CPU
		{74402D5C-F4C8-40E4-B3BE-1829F3171566}.Debug|Any CPU.Build.0 = Debug|Any CPU
		{74402D5C-F4C8-40E4-B3BE-1829F3171566}.Release|Any CPU.ActiveCfg = Release|Any CPU
		{74402D5C-F4C8-40E4-B3BE-1829F3171566}.Release|Any CPU.Build.0 = Release|Any CPU
		{773E9B69-D179-4C34-A744-58DF094485BB}.Debug|Any CPU.ActiveCfg = Debug|Any CPU
		{773E9B69-D179-4C34-A744-58DF094485BB}.Debug|Any CPU.Build.0 = Debug|Any CPU
		{773E9B69-D179-4C34-A744-58DF094485BB}.Release|Any CPU.ActiveCfg = Release|Any CPU
		{773E9B69-D179-4C34-A744-58DF094485BB}.Release|Any CPU.Build.0 = Release|Any CPU
		{B7EA8753-22B5-405C-8EDE-91639FCA4DB2}.Debug|Any CPU.ActiveCfg = Debug|Any CPU
		{B7EA8753-22B5-405C-8EDE-91639FCA4DB2}.Debug|Any CPU.Build.0 = Debug|Any CPU
		{B7EA8753-22B5-405C-8EDE-91639FCA4DB2}.Release|Any CPU.ActiveCfg = Release|Any CPU
		{B7EA8753-22B5-405C-8EDE-91639FCA4DB2}.Release|Any CPU.Build.0 = Release|Any CPU
		{F428C325-E6EC-474C-9C52-4F09135BF721}.Debug|Any CPU.ActiveCfg = Debug|Any CPU
		{F428C325-E6EC-474C-9C52-4F09135BF721}.Debug|Any CPU.Build.0 = Debug|Any CPU
		{F428C325-E6EC-474C-9C52-4F09135BF721}.Release|Any CPU.ActiveCfg = Release|Any CPU
		{F428C325-E6EC-474C-9C52-4F09135BF721}.Release|Any CPU.Build.0 = Release|Any CPU
		{4F70B62A-06EE-40E3-A6A2-9DE4218B67E1}.Debug|Any CPU.ActiveCfg = Debug|Any CPU
		{4F70B62A-06EE-40E3-A6A2-9DE4218B67E1}.Debug|Any CPU.Build.0 = Debug|Any CPU
		{4F70B62A-06EE-40E3-A6A2-9DE4218B67E1}.Release|Any CPU.ActiveCfg = Release|Any CPU
		{4F70B62A-06EE-40E3-A6A2-9DE4218B67E1}.Release|Any CPU.Build.0 = Release|Any CPU
		{B5494CAD-836C-45B8-BF0A-A54761177E0C}.Debug|Any CPU.ActiveCfg = Debug|Any CPU
		{B5494CAD-836C-45B8-BF0A-A54761177E0C}.Debug|Any CPU.Build.0 = Debug|Any CPU
		{B5494CAD-836C-45B8-BF0A-A54761177E0C}.Release|Any CPU.ActiveCfg = Release|Any CPU
		{B5494CAD-836C-45B8-BF0A-A54761177E0C}.Release|Any CPU.Build.0 = Release|Any CPU
		{7425DD84-B60F-4D59-A241-D0B1D747DAC4}.Debug|Any CPU.ActiveCfg = Debug|Any CPU
		{7425DD84-B60F-4D59-A241-D0B1D747DAC4}.Debug|Any CPU.Build.0 = Debug|Any CPU
		{7425DD84-B60F-4D59-A241-D0B1D747DAC4}.Release|Any CPU.ActiveCfg = Release|Any CPU
		{7425DD84-B60F-4D59-A241-D0B1D747DAC4}.Release|Any CPU.Build.0 = Release|Any CPU
		{736D75C2-A09F-4F67-B882-7F7D3C2DCED9}.Debug|Any CPU.ActiveCfg = Debug|Any CPU
		{736D75C2-A09F-4F67-B882-7F7D3C2DCED9}.Debug|Any CPU.Build.0 = Debug|Any CPU
		{736D75C2-A09F-4F67-B882-7F7D3C2DCED9}.Release|Any CPU.ActiveCfg = Release|Any CPU
		{736D75C2-A09F-4F67-B882-7F7D3C2DCED9}.Release|Any CPU.Build.0 = Release|Any CPU
		{E3F444AE-C5EF-4523-B22A-EF5EC5822662}.Debug|Any CPU.ActiveCfg = Debug|Any CPU
		{E3F444AE-C5EF-4523-B22A-EF5EC5822662}.Debug|Any CPU.Build.0 = Debug|Any CPU
		{E3F444AE-C5EF-4523-B22A-EF5EC5822662}.Release|Any CPU.ActiveCfg = Release|Any CPU
		{E3F444AE-C5EF-4523-B22A-EF5EC5822662}.Release|Any CPU.Build.0 = Release|Any CPU
		{C8500FA3-D16D-48F9-AB6A-25B223262C35}.Debug|Any CPU.ActiveCfg = Debug|Any CPU
		{C8500FA3-D16D-48F9-AB6A-25B223262C35}.Debug|Any CPU.Build.0 = Debug|Any CPU
		{C8500FA3-D16D-48F9-AB6A-25B223262C35}.Release|Any CPU.ActiveCfg = Release|Any CPU
		{C8500FA3-D16D-48F9-AB6A-25B223262C35}.Release|Any CPU.Build.0 = Release|Any CPU
		{1B2CE46A-138D-48D8-AF55-21BA93B2BC4F}.Debug|Any CPU.ActiveCfg = Debug|Any CPU
		{1B2CE46A-138D-48D8-AF55-21BA93B2BC4F}.Debug|Any CPU.Build.0 = Debug|Any CPU
		{1B2CE46A-138D-48D8-AF55-21BA93B2BC4F}.Release|Any CPU.ActiveCfg = Release|Any CPU
		{1B2CE46A-138D-48D8-AF55-21BA93B2BC4F}.Release|Any CPU.Build.0 = Release|Any CPU
		{39658714-0266-42DB-B3C6-A78B556A07E7}.Debug|Any CPU.ActiveCfg = Debug|Any CPU
		{39658714-0266-42DB-B3C6-A78B556A07E7}.Debug|Any CPU.Build.0 = Debug|Any CPU
		{39658714-0266-42DB-B3C6-A78B556A07E7}.Release|Any CPU.ActiveCfg = Release|Any CPU
		{39658714-0266-42DB-B3C6-A78B556A07E7}.Release|Any CPU.Build.0 = Release|Any CPU
		{12FED116-39BA-44DA-B66A-B7DA33D64E03}.Debug|Any CPU.ActiveCfg = Debug|Any CPU
		{12FED116-39BA-44DA-B66A-B7DA33D64E03}.Debug|Any CPU.Build.0 = Debug|Any CPU
		{12FED116-39BA-44DA-B66A-B7DA33D64E03}.Release|Any CPU.ActiveCfg = Release|Any CPU
		{12FED116-39BA-44DA-B66A-B7DA33D64E03}.Release|Any CPU.Build.0 = Release|Any CPU
		{AB99505E-953F-4D9F-9F13-D156A80C2C10}.Debug|Any CPU.ActiveCfg = Debug|Any CPU
		{AB99505E-953F-4D9F-9F13-D156A80C2C10}.Debug|Any CPU.Build.0 = Debug|Any CPU
		{AB99505E-953F-4D9F-9F13-D156A80C2C10}.Release|Any CPU.ActiveCfg = Release|Any CPU
		{AB99505E-953F-4D9F-9F13-D156A80C2C10}.Release|Any CPU.Build.0 = Release|Any CPU
		{3A595457-25C7-45DB-B597-2139E7D05FF6}.Debug|Any CPU.ActiveCfg = Debug|Any CPU
		{3A595457-25C7-45DB-B597-2139E7D05FF6}.Debug|Any CPU.Build.0 = Debug|Any CPU
		{3A595457-25C7-45DB-B597-2139E7D05FF6}.Release|Any CPU.ActiveCfg = Release|Any CPU
		{3A595457-25C7-45DB-B597-2139E7D05FF6}.Release|Any CPU.Build.0 = Release|Any CPU
		{EB745E71-5396-4B91-8928-B9172231933F}.Debug|Any CPU.ActiveCfg = Debug|Any CPU
		{EB745E71-5396-4B91-8928-B9172231933F}.Debug|Any CPU.Build.0 = Debug|Any CPU
		{EB745E71-5396-4B91-8928-B9172231933F}.Release|Any CPU.ActiveCfg = Release|Any CPU
		{EB745E71-5396-4B91-8928-B9172231933F}.Release|Any CPU.Build.0 = Release|Any CPU
		{9D0C3406-11C2-48E4-B38D-B6D4108E7EAF}.Debug|Any CPU.ActiveCfg = Debug|Any CPU
		{9D0C3406-11C2-48E4-B38D-B6D4108E7EAF}.Debug|Any CPU.Build.0 = Debug|Any CPU
		{9D0C3406-11C2-48E4-B38D-B6D4108E7EAF}.Release|Any CPU.ActiveCfg = Release|Any CPU
		{9D0C3406-11C2-48E4-B38D-B6D4108E7EAF}.Release|Any CPU.Build.0 = Release|Any CPU
		{3A666F4C-14DA-4E5D-BA81-820AF51596B4}.Debug|Any CPU.ActiveCfg = Debug|Any CPU
		{3A666F4C-14DA-4E5D-BA81-820AF51596B4}.Debug|Any CPU.Build.0 = Debug|Any CPU
		{3A666F4C-14DA-4E5D-BA81-820AF51596B4}.Release|Any CPU.ActiveCfg = Release|Any CPU
		{3A666F4C-14DA-4E5D-BA81-820AF51596B4}.Release|Any CPU.Build.0 = Release|Any CPU
		{1D75C086-2F29-419E-9ECD-F1019E378680}.Debug|Any CPU.ActiveCfg = Debug|Any CPU
		{1D75C086-2F29-419E-9ECD-F1019E378680}.Debug|Any CPU.Build.0 = Debug|Any CPU
		{1D75C086-2F29-419E-9ECD-F1019E378680}.Release|Any CPU.ActiveCfg = Release|Any CPU
		{1D75C086-2F29-419E-9ECD-F1019E378680}.Release|Any CPU.Build.0 = Release|Any CPU
		{03FA0E80-0A59-4D4C-9709-18FE14793643}.Debug|Any CPU.ActiveCfg = Debug|Any CPU
		{03FA0E80-0A59-4D4C-9709-18FE14793643}.Debug|Any CPU.Build.0 = Debug|Any CPU
		{03FA0E80-0A59-4D4C-9709-18FE14793643}.Release|Any CPU.ActiveCfg = Release|Any CPU
		{03FA0E80-0A59-4D4C-9709-18FE14793643}.Release|Any CPU.Build.0 = Release|Any CPU
		{4CF5EC2D-78B3-43C1-80FE-46FB5DCAC75C}.Debug|Any CPU.ActiveCfg = Debug|Any CPU
		{4CF5EC2D-78B3-43C1-80FE-46FB5DCAC75C}.Debug|Any CPU.Build.0 = Debug|Any CPU
		{4CF5EC2D-78B3-43C1-80FE-46FB5DCAC75C}.Release|Any CPU.ActiveCfg = Release|Any CPU
		{4CF5EC2D-78B3-43C1-80FE-46FB5DCAC75C}.Release|Any CPU.Build.0 = Release|Any CPU
		{3080737B-025E-41F4-B729-60CBF8095D02}.Debug|Any CPU.ActiveCfg = Debug|Any CPU
		{3080737B-025E-41F4-B729-60CBF8095D02}.Debug|Any CPU.Build.0 = Debug|Any CPU
		{3080737B-025E-41F4-B729-60CBF8095D02}.Release|Any CPU.ActiveCfg = Release|Any CPU
		{3080737B-025E-41F4-B729-60CBF8095D02}.Release|Any CPU.Build.0 = Release|Any CPU
		{D642DF20-8A9E-4640-9960-7B2E904868F4}.Debug|Any CPU.ActiveCfg = Debug|Any CPU
		{D642DF20-8A9E-4640-9960-7B2E904868F4}.Debug|Any CPU.Build.0 = Debug|Any CPU
		{D642DF20-8A9E-4640-9960-7B2E904868F4}.Release|Any CPU.ActiveCfg = Release|Any CPU
		{D642DF20-8A9E-4640-9960-7B2E904868F4}.Release|Any CPU.Build.0 = Release|Any CPU
		{7F5E3F7E-35A0-4BEB-B4F5-805F5A74DD4B}.Debug|Any CPU.ActiveCfg = Debug|Any CPU
		{7F5E3F7E-35A0-4BEB-B4F5-805F5A74DD4B}.Debug|Any CPU.Build.0 = Debug|Any CPU
		{7F5E3F7E-35A0-4BEB-B4F5-805F5A74DD4B}.Release|Any CPU.ActiveCfg = Release|Any CPU
		{7F5E3F7E-35A0-4BEB-B4F5-805F5A74DD4B}.Release|Any CPU.Build.0 = Release|Any CPU
		{868EB467-2608-4DD8-AAEB-6E6D8FF58881}.Debug|Any CPU.ActiveCfg = Debug|Any CPU
		{868EB467-2608-4DD8-AAEB-6E6D8FF58881}.Debug|Any CPU.Build.0 = Debug|Any CPU
		{868EB467-2608-4DD8-AAEB-6E6D8FF58881}.Release|Any CPU.ActiveCfg = Release|Any CPU
		{868EB467-2608-4DD8-AAEB-6E6D8FF58881}.Release|Any CPU.Build.0 = Release|Any CPU
		{36CA56BF-14BA-4F49-B578-76397BB525E7}.Debug|Any CPU.ActiveCfg = Debug|Any CPU
		{36CA56BF-14BA-4F49-B578-76397BB525E7}.Debug|Any CPU.Build.0 = Debug|Any CPU
		{36CA56BF-14BA-4F49-B578-76397BB525E7}.Release|Any CPU.ActiveCfg = Release|Any CPU
		{36CA56BF-14BA-4F49-B578-76397BB525E7}.Release|Any CPU.Build.0 = Release|Any CPU
		{BDE9888F-46A1-4680-8162-BD2C21B692B3}.Debug|Any CPU.ActiveCfg = Debug|Any CPU
		{BDE9888F-46A1-4680-8162-BD2C21B692B3}.Debug|Any CPU.Build.0 = Debug|Any CPU
		{BDE9888F-46A1-4680-8162-BD2C21B692B3}.Release|Any CPU.ActiveCfg = Release|Any CPU
		{BDE9888F-46A1-4680-8162-BD2C21B692B3}.Release|Any CPU.Build.0 = Release|Any CPU
		{24F05FCF-5F57-4A28-A7D5-700B5B71027C}.Debug|Any CPU.ActiveCfg = Debug|Any CPU
		{24F05FCF-5F57-4A28-A7D5-700B5B71027C}.Debug|Any CPU.Build.0 = Debug|Any CPU
		{24F05FCF-5F57-4A28-A7D5-700B5B71027C}.Release|Any CPU.ActiveCfg = Release|Any CPU
		{24F05FCF-5F57-4A28-A7D5-700B5B71027C}.Release|Any CPU.Build.0 = Release|Any CPU
		{AC34E5EC-670B-4641-B1F6-8040CDB72B12}.Debug|Any CPU.ActiveCfg = Debug|Any CPU
		{AC34E5EC-670B-4641-B1F6-8040CDB72B12}.Debug|Any CPU.Build.0 = Debug|Any CPU
		{AC34E5EC-670B-4641-B1F6-8040CDB72B12}.Release|Any CPU.ActiveCfg = Release|Any CPU
		{AC34E5EC-670B-4641-B1F6-8040CDB72B12}.Release|Any CPU.Build.0 = Release|Any CPU
		{F4EEDA23-AC98-4C0E-A579-E393B63ABB09}.Debug|Any CPU.ActiveCfg = Debug|Any CPU
		{F4EEDA23-AC98-4C0E-A579-E393B63ABB09}.Debug|Any CPU.Build.0 = Debug|Any CPU
		{F4EEDA23-AC98-4C0E-A579-E393B63ABB09}.Release|Any CPU.ActiveCfg = Release|Any CPU
		{F4EEDA23-AC98-4C0E-A579-E393B63ABB09}.Release|Any CPU.Build.0 = Release|Any CPU
		{4D896830-4430-4C19-8B98-FDA470293313}.Debug|Any CPU.ActiveCfg = Debug|Any CPU
		{4D896830-4430-4C19-8B98-FDA470293313}.Debug|Any CPU.Build.0 = Debug|Any CPU
		{4D896830-4430-4C19-8B98-FDA470293313}.Release|Any CPU.ActiveCfg = Release|Any CPU
		{4D896830-4430-4C19-8B98-FDA470293313}.Release|Any CPU.Build.0 = Release|Any CPU
		{CEE5EAB1-055E-405C-96B3-6B30D543D37E}.Debug|Any CPU.ActiveCfg = Debug|Any CPU
		{CEE5EAB1-055E-405C-96B3-6B30D543D37E}.Debug|Any CPU.Build.0 = Debug|Any CPU
		{CEE5EAB1-055E-405C-96B3-6B30D543D37E}.Release|Any CPU.ActiveCfg = Release|Any CPU
		{CEE5EAB1-055E-405C-96B3-6B30D543D37E}.Release|Any CPU.Build.0 = Release|Any CPU
		{409D5293-A0C8-4DBE-A690-7B8EB292C433}.Debug|Any CPU.ActiveCfg = Debug|Any CPU
		{409D5293-A0C8-4DBE-A690-7B8EB292C433}.Debug|Any CPU.Build.0 = Debug|Any CPU
		{409D5293-A0C8-4DBE-A690-7B8EB292C433}.Release|Any CPU.ActiveCfg = Release|Any CPU
		{409D5293-A0C8-4DBE-A690-7B8EB292C433}.Release|Any CPU.Build.0 = Release|Any CPU
		{C0671F83-45C3-443D-BAE5-A964A1E325F1}.Debug|Any CPU.ActiveCfg = Debug|Any CPU
		{C0671F83-45C3-443D-BAE5-A964A1E325F1}.Debug|Any CPU.Build.0 = Debug|Any CPU
		{C0671F83-45C3-443D-BAE5-A964A1E325F1}.Release|Any CPU.ActiveCfg = Release|Any CPU
		{C0671F83-45C3-443D-BAE5-A964A1E325F1}.Release|Any CPU.Build.0 = Release|Any CPU
		{00EEA40D-860C-4066-8587-711EE6A63EBA}.Debug|Any CPU.ActiveCfg = Debug|Any CPU
		{00EEA40D-860C-4066-8587-711EE6A63EBA}.Debug|Any CPU.Build.0 = Debug|Any CPU
		{00EEA40D-860C-4066-8587-711EE6A63EBA}.Release|Any CPU.ActiveCfg = Release|Any CPU
		{00EEA40D-860C-4066-8587-711EE6A63EBA}.Release|Any CPU.Build.0 = Release|Any CPU
	EndGlobalSection
	GlobalSection(SolutionProperties) = preSolution
		HideSolutionNode = FALSE
	EndGlobalSection
EndGlobal
