
Microsoft Visual Studio Solution File, Format Version 12.00
# Visual Studio 2013
VisualStudioVersion = 12.0.21005.1
MinimumVisualStudioVersion = 10.0.40219.1
Project("{FAE04EC0-301F-11D3-BF4B-00C04F79EFBC}") = "Problem 1.NumbersFromOneToTen", "NumbersFromOneToTen\Problem 1.NumbersFromOneToTen.csproj", "{8A98298F-D8EE-49E1-A6B8-5946DA45DD58}"
EndProject
Project("{FAE04EC0-301F-11D3-BF4B-00C04F79EFBC}") = "Problem 2.NumbersNotDevisibleBYSevenAndThree", "NumbersNotDevisibleBYSevenAndThree\Problem 2.NumbersNotDevisibleBYSevenAndThree.csproj", "{0C01D859-1709-45A2-9C6D-D19BD64BE724}"
EndProject
Project("{FAE04EC0-301F-11D3-BF4B-00C04F79EFBC}") = "MatrixOfNumbers", "MatrixOfNumbers\MatrixOfNumbers.csproj", "{8624AC53-3638-43C6-9E63-836DB3A3FF9D}"
EndProject
Project("{FAE04EC0-301F-11D3-BF4B-00C04F79EFBC}") = "Problem 4.Print DeckOf52Cards", "Problem 4.Print DeckOf52Cards\Problem 4.Print DeckOf52Cards.csproj", "{BC69D851-75C5-4F1E-A732-3F7B0944B26A}"
EndProject
Project("{FAE04EC0-301F-11D3-BF4B-00C04F79EFBC}") = "Problem 5. Calculate sum", "Problem 5. Calculate sum\Problem 5. Calculate sum.csproj", "{64C1CCD5-2EE8-4700-9CF4-B867F43D311B}"
EndProject
Project("{FAE04EC0-301F-11D3-BF4B-00C04F79EFBC}") = "Problem 6. CalculateNFactorialDevidetToKFactorial", "Problem 6. CalculateNFactorialDevidetToKFactorial\Problem 6. CalculateNFactorialDevidetToKFactorial.csproj", "{3B53B6F8-24B0-4309-84C5-15991C9DEA19}"
EndProject
Project("{FAE04EC0-301F-11D3-BF4B-00C04F79EFBC}") = "Problem 11 RandomNumberInGivenRange", "Problem 11 RandomNumberInGivenRange\Problem 11 RandomNumberInGivenRange.csproj", "{7CC80C57-FE28-4FD4-8C49-8AA0A1D24EEB}"
EndProject
Project("{FAE04EC0-301F-11D3-BF4B-00C04F79EFBC}") = "Problem 7.CalculateN", "Problem 7\Problem 7.CalculateN.csproj", "{0942B113-1C34-432C-AA74-9BF9D176FFD5}"
EndProject
Project("{FAE04EC0-301F-11D3-BF4B-00C04F79EFBC}") = "Problem 8. CatalanNumbers", "Problem 8. CatalanNumbers\Problem 8. CatalanNumbers.csproj", "{3235EB9D-5200-41F7-BECB-ABEFCC62451D}"
EndProject
Project("{FAE04EC0-301F-11D3-BF4B-00C04F79EFBC}") = "Problem 9.MatrixOfNumbers", "Problem 9.MatrixOfNumbers\Problem 9.MatrixOfNumbers.csproj", "{D3A63D8A-0AFA-442A-AD0A-0D8B63865C1A}"
EndProject
Project("{FAE04EC0-301F-11D3-BF4B-00C04F79EFBC}") = "Problem 19.SpiralMatrix", "Problem 9.SpiralMatrix\Problem 19.SpiralMatrix.csproj", "{0638E063-EBA0-4366-B6EA-1BD3B6A75376}"
EndProject
Project("{FAE04EC0-301F-11D3-BF4B-00C04F79EFBC}") = "Problem 18.TrailingZeroes", "Problem 18.TrailingZeroes\Problem 18.TrailingZeroes.csproj", "{138197A6-E438-4BC4-920B-E12B74CF4945}"
EndProject
Project("{FAE04EC0-301F-11D3-BF4B-00C04F79EFBC}") = "Problem 17.CalculateGCD", "Problem 17.CalculateGCD\Problem 17.CalculateGCD.csproj", "{01C22849-BE86-4635-8BB5-D08E8117184C}"
EndProject
Project("{FAE04EC0-301F-11D3-BF4B-00C04F79EFBC}") = "Problem 16.DecimalToHexadecimalNumber", "Problem 16.DecimalToHexadecimalNumber\Problem 16.DecimalToHexadecimalNumber.csproj", "{072D3698-B7CD-4580-B9A6-C300F61D66B2}"
EndProject
Project("{FAE04EC0-301F-11D3-BF4B-00C04F79EFBC}") = "Problem 15.HexadecimalToDecimalNumber", "Problem 15.HexadecimalToDecimalNumber\Problem 15.HexadecimalToDecimalNumber.csproj", "{3C4CCB9A-ADCF-4625-B249-E9A9E6153514}"
EndProject
Project("{FAE04EC0-301F-11D3-BF4B-00C04F79EFBC}") = "Problem 13.BinaryToDecimalNumber", "Problem 14 BinaryToDecimalNumber\Problem 13.BinaryToDecimalNumber.csproj", "{6AE3803D-54EF-47DB-ACFA-0CE1DCDB2884}"
EndProject
Project("{FAE04EC0-301F-11D3-BF4B-00C04F79EFBC}") = "Problem 14.DecimalToBinaryNumber", "Problem 13.DecimalToBinaryNumber\Problem 14.DecimalToBinaryNumber.csproj", "{A1CA0633-D15F-4D31-8512-C310A9C3FD00}"
EndProject
Project("{FAE04EC0-301F-11D3-BF4B-00C04F79EFBC}") = "Problem 12. RandomizeNumbersFromOneToN", "Problem 12. RandomizeNumbersFromOneToN\Problem 12. RandomizeNumbersFromOneToN.csproj", "{0A6C96A1-4372-4A15-9B90-D7E758D062BE}"
EndProject
Project("{FAE04EC0-301F-11D3-BF4B-00C04F79EFBC}") = "Problem 10.OddOrEvenNumbers", "Problem 10.OddOrEvenNumbers\Problem 10.OddOrEvenNumbers.csproj", "{59DD9342-37E0-4177-9AD3-C878E795F0D5}"
EndProject
Project("{FAE04EC0-301F-11D3-BF4B-00C04F79EFBC}") = "Problem 3.MinMaxSumAndAverageofNNumbers", "MinMaxSumAndAverageofNNumbers\Problem 3.MinMaxSumAndAverageofNNumbers.csproj", "{825C017A-DFBD-41E4-BA86-DDD12F287E0A}"
EndProject
Global
	GlobalSection(SolutionConfigurationPlatforms) = preSolution
		Debug|Any CPU = Debug|Any CPU
		Release|Any CPU = Release|Any CPU
	EndGlobalSection
	GlobalSection(ProjectConfigurationPlatforms) = postSolution
		{8A98298F-D8EE-49E1-A6B8-5946DA45DD58}.Debug|Any CPU.ActiveCfg = Debug|Any CPU
		{8A98298F-D8EE-49E1-A6B8-5946DA45DD58}.Debug|Any CPU.Build.0 = Debug|Any CPU
		{8A98298F-D8EE-49E1-A6B8-5946DA45DD58}.Release|Any CPU.ActiveCfg = Release|Any CPU
		{8A98298F-D8EE-49E1-A6B8-5946DA45DD58}.Release|Any CPU.Build.0 = Release|Any CPU
		{0C01D859-1709-45A2-9C6D-D19BD64BE724}.Debug|Any CPU.ActiveCfg = Debug|Any CPU
		{0C01D859-1709-45A2-9C6D-D19BD64BE724}.Debug|Any CPU.Build.0 = Debug|Any CPU
		{0C01D859-1709-45A2-9C6D-D19BD64BE724}.Release|Any CPU.ActiveCfg = Release|Any CPU
		{0C01D859-1709-45A2-9C6D-D19BD64BE724}.Release|Any CPU.Build.0 = Release|Any CPU
		{8624AC53-3638-43C6-9E63-836DB3A3FF9D}.Debug|Any CPU.ActiveCfg = Debug|Any CPU
		{8624AC53-3638-43C6-9E63-836DB3A3FF9D}.Debug|Any CPU.Build.0 = Debug|Any CPU
		{8624AC53-3638-43C6-9E63-836DB3A3FF9D}.Release|Any CPU.ActiveCfg = Release|Any CPU
		{8624AC53-3638-43C6-9E63-836DB3A3FF9D}.Release|Any CPU.Build.0 = Release|Any CPU
		{BC69D851-75C5-4F1E-A732-3F7B0944B26A}.Debug|Any CPU.ActiveCfg = Debug|Any CPU
		{BC69D851-75C5-4F1E-A732-3F7B0944B26A}.Debug|Any CPU.Build.0 = Debug|Any CPU
		{BC69D851-75C5-4F1E-A732-3F7B0944B26A}.Release|Any CPU.ActiveCfg = Release|Any CPU
		{BC69D851-75C5-4F1E-A732-3F7B0944B26A}.Release|Any CPU.Build.0 = Release|Any CPU
		{64C1CCD5-2EE8-4700-9CF4-B867F43D311B}.Debug|Any CPU.ActiveCfg = Debug|Any CPU
		{64C1CCD5-2EE8-4700-9CF4-B867F43D311B}.Debug|Any CPU.Build.0 = Debug|Any CPU
		{64C1CCD5-2EE8-4700-9CF4-B867F43D311B}.Release|Any CPU.ActiveCfg = Release|Any CPU
		{64C1CCD5-2EE8-4700-9CF4-B867F43D311B}.Release|Any CPU.Build.0 = Release|Any CPU
		{3B53B6F8-24B0-4309-84C5-15991C9DEA19}.Debug|Any CPU.ActiveCfg = Debug|Any CPU
		{3B53B6F8-24B0-4309-84C5-15991C9DEA19}.Debug|Any CPU.Build.0 = Debug|Any CPU
		{3B53B6F8-24B0-4309-84C5-15991C9DEA19}.Release|Any CPU.ActiveCfg = Release|Any CPU
		{3B53B6F8-24B0-4309-84C5-15991C9DEA19}.Release|Any CPU.Build.0 = Release|Any CPU
		{7CC80C57-FE28-4FD4-8C49-8AA0A1D24EEB}.Debug|Any CPU.ActiveCfg = Debug|Any CPU
		{7CC80C57-FE28-4FD4-8C49-8AA0A1D24EEB}.Debug|Any CPU.Build.0 = Debug|Any CPU
		{7CC80C57-FE28-4FD4-8C49-8AA0A1D24EEB}.Release|Any CPU.ActiveCfg = Release|Any CPU
		{7CC80C57-FE28-4FD4-8C49-8AA0A1D24EEB}.Release|Any CPU.Build.0 = Release|Any CPU
		{0942B113-1C34-432C-AA74-9BF9D176FFD5}.Debug|Any CPU.ActiveCfg = Debug|Any CPU
		{0942B113-1C34-432C-AA74-9BF9D176FFD5}.Debug|Any CPU.Build.0 = Debug|Any CPU
		{0942B113-1C34-432C-AA74-9BF9D176FFD5}.Release|Any CPU.ActiveCfg = Release|Any CPU
		{0942B113-1C34-432C-AA74-9BF9D176FFD5}.Release|Any CPU.Build.0 = Release|Any CPU
		{3235EB9D-5200-41F7-BECB-ABEFCC62451D}.Debug|Any CPU.ActiveCfg = Debug|Any CPU
		{3235EB9D-5200-41F7-BECB-ABEFCC62451D}.Debug|Any CPU.Build.0 = Debug|Any CPU
		{3235EB9D-5200-41F7-BECB-ABEFCC62451D}.Release|Any CPU.ActiveCfg = Release|Any CPU
		{3235EB9D-5200-41F7-BECB-ABEFCC62451D}.Release|Any CPU.Build.0 = Release|Any CPU
		{D3A63D8A-0AFA-442A-AD0A-0D8B63865C1A}.Debug|Any CPU.ActiveCfg = Debug|Any CPU
		{D3A63D8A-0AFA-442A-AD0A-0D8B63865C1A}.Debug|Any CPU.Build.0 = Debug|Any CPU
		{D3A63D8A-0AFA-442A-AD0A-0D8B63865C1A}.Release|Any CPU.ActiveCfg = Release|Any CPU
		{D3A63D8A-0AFA-442A-AD0A-0D8B63865C1A}.Release|Any CPU.Build.0 = Release|Any CPU
		{0638E063-EBA0-4366-B6EA-1BD3B6A75376}.Debug|Any CPU.ActiveCfg = Debug|Any CPU
		{0638E063-EBA0-4366-B6EA-1BD3B6A75376}.Debug|Any CPU.Build.0 = Debug|Any CPU
		{0638E063-EBA0-4366-B6EA-1BD3B6A75376}.Release|Any CPU.ActiveCfg = Release|Any CPU
		{0638E063-EBA0-4366-B6EA-1BD3B6A75376}.Release|Any CPU.Build.0 = Release|Any CPU
		{138197A6-E438-4BC4-920B-E12B74CF4945}.Debug|Any CPU.ActiveCfg = Debug|Any CPU
		{138197A6-E438-4BC4-920B-E12B74CF4945}.Debug|Any CPU.Build.0 = Debug|Any CPU
		{138197A6-E438-4BC4-920B-E12B74CF4945}.Release|Any CPU.ActiveCfg = Release|Any CPU
		{138197A6-E438-4BC4-920B-E12B74CF4945}.Release|Any CPU.Build.0 = Release|Any CPU
		{01C22849-BE86-4635-8BB5-D08E8117184C}.Debug|Any CPU.ActiveCfg = Debug|Any CPU
		{01C22849-BE86-4635-8BB5-D08E8117184C}.Debug|Any CPU.Build.0 = Debug|Any CPU
		{01C22849-BE86-4635-8BB5-D08E8117184C}.Release|Any CPU.ActiveCfg = Release|Any CPU
		{01C22849-BE86-4635-8BB5-D08E8117184C}.Release|Any CPU.Build.0 = Release|Any CPU
		{072D3698-B7CD-4580-B9A6-C300F61D66B2}.Debug|Any CPU.ActiveCfg = Debug|Any CPU
		{072D3698-B7CD-4580-B9A6-C300F61D66B2}.Debug|Any CPU.Build.0 = Debug|Any CPU
		{072D3698-B7CD-4580-B9A6-C300F61D66B2}.Release|Any CPU.ActiveCfg = Release|Any CPU
		{072D3698-B7CD-4580-B9A6-C300F61D66B2}.Release|Any CPU.Build.0 = Release|Any CPU
		{3C4CCB9A-ADCF-4625-B249-E9A9E6153514}.Debug|Any CPU.ActiveCfg = Debug|Any CPU
		{3C4CCB9A-ADCF-4625-B249-E9A9E6153514}.Debug|Any CPU.Build.0 = Debug|Any CPU
		{3C4CCB9A-ADCF-4625-B249-E9A9E6153514}.Release|Any CPU.ActiveCfg = Release|Any CPU
		{3C4CCB9A-ADCF-4625-B249-E9A9E6153514}.Release|Any CPU.Build.0 = Release|Any CPU
		{6AE3803D-54EF-47DB-ACFA-0CE1DCDB2884}.Debug|Any CPU.ActiveCfg = Debug|Any CPU
		{6AE3803D-54EF-47DB-ACFA-0CE1DCDB2884}.Debug|Any CPU.Build.0 = Debug|Any CPU
		{6AE3803D-54EF-47DB-ACFA-0CE1DCDB2884}.Release|Any CPU.ActiveCfg = Release|Any CPU
		{6AE3803D-54EF-47DB-ACFA-0CE1DCDB2884}.Release|Any CPU.Build.0 = Release|Any CPU
		{A1CA0633-D15F-4D31-8512-C310A9C3FD00}.Debug|Any CPU.ActiveCfg = Debug|Any CPU
		{A1CA0633-D15F-4D31-8512-C310A9C3FD00}.Debug|Any CPU.Build.0 = Debug|Any CPU
		{A1CA0633-D15F-4D31-8512-C310A9C3FD00}.Release|Any CPU.ActiveCfg = Release|Any CPU
		{A1CA0633-D15F-4D31-8512-C310A9C3FD00}.Release|Any CPU.Build.0 = Release|Any CPU
		{0A6C96A1-4372-4A15-9B90-D7E758D062BE}.Debug|Any CPU.ActiveCfg = Debug|Any CPU
		{0A6C96A1-4372-4A15-9B90-D7E758D062BE}.Debug|Any CPU.Build.0 = Debug|Any CPU
		{0A6C96A1-4372-4A15-9B90-D7E758D062BE}.Release|Any CPU.ActiveCfg = Release|Any CPU
		{0A6C96A1-4372-4A15-9B90-D7E758D062BE}.Release|Any CPU.Build.0 = Release|Any CPU
		{59DD9342-37E0-4177-9AD3-C878E795F0D5}.Debug|Any CPU.ActiveCfg = Debug|Any CPU
		{59DD9342-37E0-4177-9AD3-C878E795F0D5}.Debug|Any CPU.Build.0 = Debug|Any CPU
		{59DD9342-37E0-4177-9AD3-C878E795F0D5}.Release|Any CPU.ActiveCfg = Release|Any CPU
		{59DD9342-37E0-4177-9AD3-C878E795F0D5}.Release|Any CPU.Build.0 = Release|Any CPU
		{825C017A-DFBD-41E4-BA86-DDD12F287E0A}.Debug|Any CPU.ActiveCfg = Debug|Any CPU
		{825C017A-DFBD-41E4-BA86-DDD12F287E0A}.Debug|Any CPU.Build.0 = Debug|Any CPU
		{825C017A-DFBD-41E4-BA86-DDD12F287E0A}.Release|Any CPU.ActiveCfg = Release|Any CPU
		{825C017A-DFBD-41E4-BA86-DDD12F287E0A}.Release|Any CPU.Build.0 = Release|Any CPU
	EndGlobalSection
	GlobalSection(SolutionProperties) = preSolution
		HideSolutionNode = FALSE
	EndGlobalSection
EndGlobal
