
Microsoft Visual Studio Solution File, Format Version 12.00
# Visual Studio 2013
VisualStudioVersion = 12.0.21005.1
MinimumVisualStudioVersion = 10.0.40219.1
Project("{FAE04EC0-301F-11D3-BF4B-00C04F79EFBC}") = "Problem 1.SumOfThreeNumbers", "SumOfThreeNumbers\Problem 1.SumOfThreeNumbers.csproj", "{E3765122-F2C6-4E82-9AAB-0529DC3D6624}"
EndProject
Project("{FAE04EC0-301F-11D3-BF4B-00C04F79EFBC}") = "Problem 2.PrintCompanyInformation", "PrintCompanyInformation\Problem 2.PrintCompanyInformation.csproj", "{1902E075-25D1-4376-95E2-EBAD13FD85D7}"
EndProject
Project("{FAE04EC0-301F-11D3-BF4B-00C04F79EFBC}") = "Problem 3. CirclePerimeterandArea", "CirclePerimeterandArea\Problem 3. CirclePerimeterandArea.csproj", "{1539E08B-57A3-498B-A34C-7A718B611EED}"
EndProject
Project("{FAE04EC0-301F-11D3-BF4B-00C04F79EFBC}") = "Problem 6.QuadraticEquation", "QuadraticEquation\Problem 6.QuadraticEquation.csproj", "{F8E4A6AE-4316-43A4-BBDA-EAD43D68921E}"
EndProject
Project("{FAE04EC0-301F-11D3-BF4B-00C04F79EFBC}") = "Problem 5.FromattingNumbers", "FromattingNumbers\Problem 5.FromattingNumbers.csproj", "{A503CF0B-3020-4FEB-9E3A-423E6A18965F}"
EndProject
Project("{FAE04EC0-301F-11D3-BF4B-00C04F79EFBC}") = "Problem 7.SumOfFiveNumbers", "SumOfFiveNumbers\Problem 7.SumOfFiveNumbers.csproj", "{2D9F337B-740D-439B-B571-6F6B252EBECB}"
EndProject
Project("{FAE04EC0-301F-11D3-BF4B-00C04F79EFBC}") = "Probem 8.NumbersFromOneToN", "NumbersFromOneToN\Probem 8.NumbersFromOneToN.csproj", "{E702A2CB-E73B-4003-BB7C-28309E0A1D26}"
EndProject
Project("{FAE04EC0-301F-11D3-BF4B-00C04F79EFBC}") = "Probem 9.SumOfNNumbers", "SumOfNNumbers\Probem 9.SumOfNNumbers.csproj", "{F8E29C9A-A3FA-4DE4-AC92-AD710ECEC4EF}"
EndProject
Project("{FAE04EC0-301F-11D3-BF4B-00C04F79EFBC}") = "Problem 10.FibbonacciNumbers", "FibbonacciNumbers\Problem 10.FibbonacciNumbers.csproj", "{5942FB65-131F-4F69-9D9F-75F077FEEA9D}"
EndProject
Project("{FAE04EC0-301F-11D3-BF4B-00C04F79EFBC}") = "Problem 11.NumbersInIntervalDividableByGivenNumber", "NumbersInIntervalDividableByGivenNumber\Problem 11.NumbersInIntervalDividableByGivenNumber.csproj", "{C6189411-22B0-4953-93AE-3533ABEF8153}"
EndProject
Project("{FAE04EC0-301F-11D3-BF4B-00C04F79EFBC}") = "Problem 4.NumberComparer", "NumberComparer\Problem 4.NumberComparer.csproj", "{46574F94-9F03-4854-91D5-8B8439D324A5}"
EndProject
Global
	GlobalSection(SolutionConfigurationPlatforms) = preSolution
		Debug|Any CPU = Debug|Any CPU
		Release|Any CPU = Release|Any CPU
	EndGlobalSection
	GlobalSection(ProjectConfigurationPlatforms) = postSolution
		{E3765122-F2C6-4E82-9AAB-0529DC3D6624}.Debug|Any CPU.ActiveCfg = Debug|Any CPU
		{E3765122-F2C6-4E82-9AAB-0529DC3D6624}.Debug|Any CPU.Build.0 = Debug|Any CPU
		{E3765122-F2C6-4E82-9AAB-0529DC3D6624}.Release|Any CPU.ActiveCfg = Release|Any CPU
		{E3765122-F2C6-4E82-9AAB-0529DC3D6624}.Release|Any CPU.Build.0 = Release|Any CPU
		{1902E075-25D1-4376-95E2-EBAD13FD85D7}.Debug|Any CPU.ActiveCfg = Debug|Any CPU
		{1902E075-25D1-4376-95E2-EBAD13FD85D7}.Debug|Any CPU.Build.0 = Debug|Any CPU
		{1902E075-25D1-4376-95E2-EBAD13FD85D7}.Release|Any CPU.ActiveCfg = Release|Any CPU
		{1902E075-25D1-4376-95E2-EBAD13FD85D7}.Release|Any CPU.Build.0 = Release|Any CPU
		{1539E08B-57A3-498B-A34C-7A718B611EED}.Debug|Any CPU.ActiveCfg = Debug|Any CPU
		{1539E08B-57A3-498B-A34C-7A718B611EED}.Debug|Any CPU.Build.0 = Debug|Any CPU
		{1539E08B-57A3-498B-A34C-7A718B611EED}.Release|Any CPU.ActiveCfg = Release|Any CPU
		{1539E08B-57A3-498B-A34C-7A718B611EED}.Release|Any CPU.Build.0 = Release|Any CPU
		{F8E4A6AE-4316-43A4-BBDA-EAD43D68921E}.Debug|Any CPU.ActiveCfg = Debug|Any CPU
		{F8E4A6AE-4316-43A4-BBDA-EAD43D68921E}.Debug|Any CPU.Build.0 = Debug|Any CPU
		{F8E4A6AE-4316-43A4-BBDA-EAD43D68921E}.Release|Any CPU.ActiveCfg = Release|Any CPU
		{F8E4A6AE-4316-43A4-BBDA-EAD43D68921E}.Release|Any CPU.Build.0 = Release|Any CPU
		{A503CF0B-3020-4FEB-9E3A-423E6A18965F}.Debug|Any CPU.ActiveCfg = Debug|Any CPU
		{A503CF0B-3020-4FEB-9E3A-423E6A18965F}.Debug|Any CPU.Build.0 = Debug|Any CPU
		{A503CF0B-3020-4FEB-9E3A-423E6A18965F}.Release|Any CPU.ActiveCfg = Release|Any CPU
		{A503CF0B-3020-4FEB-9E3A-423E6A18965F}.Release|Any CPU.Build.0 = Release|Any CPU
		{2D9F337B-740D-439B-B571-6F6B252EBECB}.Debug|Any CPU.ActiveCfg = Debug|Any CPU
		{2D9F337B-740D-439B-B571-6F6B252EBECB}.Debug|Any CPU.Build.0 = Debug|Any CPU
		{2D9F337B-740D-439B-B571-6F6B252EBECB}.Release|Any CPU.ActiveCfg = Release|Any CPU
		{2D9F337B-740D-439B-B571-6F6B252EBECB}.Release|Any CPU.Build.0 = Release|Any CPU
		{E702A2CB-E73B-4003-BB7C-28309E0A1D26}.Debug|Any CPU.ActiveCfg = Debug|Any CPU
		{E702A2CB-E73B-4003-BB7C-28309E0A1D26}.Debug|Any CPU.Build.0 = Debug|Any CPU
		{E702A2CB-E73B-4003-BB7C-28309E0A1D26}.Release|Any CPU.ActiveCfg = Release|Any CPU
		{E702A2CB-E73B-4003-BB7C-28309E0A1D26}.Release|Any CPU.Build.0 = Release|Any CPU
		{F8E29C9A-A3FA-4DE4-AC92-AD710ECEC4EF}.Debug|Any CPU.ActiveCfg = Debug|Any CPU
		{F8E29C9A-A3FA-4DE4-AC92-AD710ECEC4EF}.Debug|Any CPU.Build.0 = Debug|Any CPU
		{F8E29C9A-A3FA-4DE4-AC92-AD710ECEC4EF}.Release|Any CPU.ActiveCfg = Release|Any CPU
		{F8E29C9A-A3FA-4DE4-AC92-AD710ECEC4EF}.Release|Any CPU.Build.0 = Release|Any CPU
		{5942FB65-131F-4F69-9D9F-75F077FEEA9D}.Debug|Any CPU.ActiveCfg = Debug|Any CPU
		{5942FB65-131F-4F69-9D9F-75F077FEEA9D}.Debug|Any CPU.Build.0 = Debug|Any CPU
		{5942FB65-131F-4F69-9D9F-75F077FEEA9D}.Release|Any CPU.ActiveCfg = Release|Any CPU
		{5942FB65-131F-4F69-9D9F-75F077FEEA9D}.Release|Any CPU.Build.0 = Release|Any CPU
		{C6189411-22B0-4953-93AE-3533ABEF8153}.Debug|Any CPU.ActiveCfg = Debug|Any CPU
		{C6189411-22B0-4953-93AE-3533ABEF8153}.Debug|Any CPU.Build.0 = Debug|Any CPU
		{C6189411-22B0-4953-93AE-3533ABEF8153}.Release|Any CPU.ActiveCfg = Release|Any CPU
		{C6189411-22B0-4953-93AE-3533ABEF8153}.Release|Any CPU.Build.0 = Release|Any CPU
		{46574F94-9F03-4854-91D5-8B8439D324A5}.Debug|Any CPU.ActiveCfg = Debug|Any CPU
		{46574F94-9F03-4854-91D5-8B8439D324A5}.Debug|Any CPU.Build.0 = Debug|Any CPU
		{46574F94-9F03-4854-91D5-8B8439D324A5}.Release|Any CPU.ActiveCfg = Release|Any CPU
		{46574F94-9F03-4854-91D5-8B8439D324A5}.Release|Any CPU.Build.0 = Release|Any CPU
	EndGlobalSection
	GlobalSection(SolutionProperties) = preSolution
		HideSolutionNode = FALSE
	EndGlobalSection
EndGlobal
